
Microsoft Visual Studio Solution File, Format Version 12.00
# Visual Studio 15
VisualStudioVersion = 15.0.27004.2002
MinimumVisualStudioVersion = 10.0.40219.1
Project("{FAE04EC0-301F-11D3-BF4B-00C04F79EFBC}") = "SeviyeBazliSayiTahmin", "SeviyeBazliSayiTahmin\SeviyeBazliSayiTahmin.csproj", "{D7D97AA2-A8AC-4ED8-886B-31D415F3ADC9}"
EndProject
Global
	GlobalSection(SolutionConfigurationPlatforms) = preSolution
		Debug|Any CPU = Debug|Any CPU
		Release|Any CPU = Release|Any CPU
	EndGlobalSection
	GlobalSection(ProjectConfigurationPlatforms) = postSolution
		{D7D97AA2-A8AC-4ED8-886B-31D415F3ADC9}.Debug|Any CPU.ActiveCfg = Debug|Any CPU
		{D7D97AA2-A8AC-4ED8-886B-31D415F3ADC9}.Debug|Any CPU.Build.0 = Debug|Any CPU
		{D7D97AA2-A8AC-4ED8-886B-31D415F3ADC9}.Release|Any CPU.ActiveCfg = Release|Any CPU
		{D7D97AA2-A8AC-4ED8-886B-31D415F3ADC9}.Release|Any CPU.Build.0 = Release|Any CPU
	EndGlobalSection
	GlobalSection(SolutionProperties) = preSolution
		HideSolutionNode = FALSE
	EndGlobalSection
	GlobalSection(ExtensibilityGlobals) = postSolution
		SolutionGuid = {7266732C-7EC1-4B22-8ED4-BBD60550E4AB}
	EndGlobalSection
EndGlobal
